
Microsoft Visual Studio Solution File, Format Version 12.00
# Visual Studio 2012
Project("{FAE04EC0-301F-11D3-BF4B-00C04F79EFBC}") = "Pubs", "Pubs\Pubs.csproj", "{6568CA9F-0AC9-4100-B168-F3870CB52B07}"
EndProject
Global
	GlobalSection(SolutionConfigurationPlatforms) = preSolution
		Debug|Any CPU = Debug|Any CPU
		Release|Any CPU = Release|Any CPU
	EndGlobalSection
	GlobalSection(ProjectConfigurationPlatforms) = postSolution
		{6568CA9F-0AC9-4100-B168-F3870CB52B07}.Debug|Any CPU.ActiveCfg = Debug|Any CPU
		{6568CA9F-0AC9-4100-B168-F3870CB52B07}.Debug|Any CPU.Build.0 = Debug|Any CPU
		{6568CA9F-0AC9-4100-B168-F3870CB52B07}.Release|Any CPU.ActiveCfg = Release|Any CPU
		{6568CA9F-0AC9-4100-B168-F3870CB52B07}.Release|Any CPU.Build.0 = Release|Any CPU
	EndGlobalSection
	GlobalSection(SolutionProperties) = preSolution
		HideSolutionNode = FALSE
	EndGlobalSection
EndGlobal
